// !$*UTF8*$!
{
	archiveVersion = 1;
	classes = {
	};
	objectVersion = 45;
	objects = {

/* Begin PBXBuildFile section */
		830803A110BAE4AA00996495 /* SMUGRealVector.h in Headers */ = {isa = PBXBuildFile; fileRef = 8308039F10BAE4AA00996495 /* SMUGRealVector.h */; settings = {ATTRIBUTES = (Public, ); }; };
		830803A210BAE4AA00996495 /* SMUGRealVector.m in Sources */ = {isa = PBXBuildFile; fileRef = 830803A010BAE4AA00996495 /* SMUGRealVector.m */; };
		830803AF10BAE57700996495 /* NSData_SMUGSwizzling.h in Headers */ = {isa = PBXBuildFile; fileRef = 830803AD10BAE57700996495 /* NSData_SMUGSwizzling.h */; settings = {ATTRIBUTES = (); }; };
		830803B010BAE57700996495 /* NSData_SMUGSwizzling.m in Sources */ = {isa = PBXBuildFile; fileRef = 830803AE10BAE57700996495 /* NSData_SMUGSwizzling.m */; };
		830803B510BAE58400996495 /* Accelerate.framework in Frameworks */ = {isa = PBXBuildFile; fileRef = 830803B410BAE58400996495 /* Accelerate.framework */; };
		830803BD10BAE59E00996495 /* SMUGMath.h in Headers */ = {isa = PBXBuildFile; fileRef = 830803BC10BAE59E00996495 /* SMUGMath.h */; settings = {ATTRIBUTES = (Public, ); }; };
		830803E310BAE7C600996495 /* VectorTests.m in Sources */ = {isa = PBXBuildFile; fileRef = 830803DD10BAE7A500996495 /* VectorTests.m */; };
		832D740C10BB2FF3000AAAED /* ComplexVectorTests.m in Sources */ = {isa = PBXBuildFile; fileRef = 832D740B10BB2FF3000AAAED /* ComplexVectorTests.m */; };
		832D740F10BB3005000AAAED /* SMUGComplexVector.h in Headers */ = {isa = PBXBuildFile; fileRef = 832D740D10BB3005000AAAED /* SMUGComplexVector.h */; settings = {ATTRIBUTES = (Public, ); }; };
		832D741010BB3005000AAAED /* SMUGComplexVector.m in Sources */ = {isa = PBXBuildFile; fileRef = 832D740E10BB3005000AAAED /* SMUGComplexVector.m */; };
		834752A510D9851600856D12 /* SMUGRealMatrix.m in Sources */ = {isa = PBXBuildFile; fileRef = 834752A310D9851600856D12 /* SMUGRealMatrix.m */; };
		834752AF10D985A100856D12 /* SMUGRealMatrix.h in Headers */ = {isa = PBXBuildFile; fileRef = 834752A410D9851600856D12 /* SMUGRealMatrix.h */; settings = {ATTRIBUTES = (Public, ); }; };
		834752E810D9863A00856D12 /* Accelerate.framework in Frameworks */ = {isa = PBXBuildFile; fileRef = 830803B410BAE58400996495 /* Accelerate.framework */; };
		834752EE10D9866900856D12 /* MatrixTests.m in Sources */ = {isa = PBXBuildFile; fileRef = 834752ED10D9866900856D12 /* MatrixTests.m */; };
		83BA240C10BB1493004FCC55 /* SMUGMath.framework in Frameworks */ = {isa = PBXBuildFile; fileRef = 8DC2EF5B0486A6940098B216 /* SMUGMath.framework */; };
		8DC2EF530486A6940098B216 /* InfoPlist.strings in Resources */ = {isa = PBXBuildFile; fileRef = 089C1666FE841158C02AAC07 /* InfoPlist.strings */; };
		8DC2EF570486A6940098B216 /* Cocoa.framework in Frameworks */ = {isa = PBXBuildFile; fileRef = 1058C7B1FEA5585E11CA2CBB /* Cocoa.framework */; };
/* End PBXBuildFile section */

/* Begin PBXContainerItemProxy section */
		83BA240A10BB1490004FCC55 /* PBXContainerItemProxy */ = {
			isa = PBXContainerItemProxy;
			containerPortal = 0867D690FE84028FC02AAC07 /* Project object */;
			proxyType = 1;
			remoteGlobalIDString = 8DC2EF4F0486A6940098B216;
			remoteInfo = SMUGMath;
		};
/* End PBXContainerItemProxy section */

/* Begin PBXFileReference section */
		0867D69BFE84028FC02AAC07 /* Foundation.framework */ = {isa = PBXFileReference; lastKnownFileType = wrapper.framework; name = Foundation.framework; path = /System/Library/Frameworks/Foundation.framework; sourceTree = "<absolute>"; };
		0867D6A5FE840307C02AAC07 /* AppKit.framework */ = {isa = PBXFileReference; lastKnownFileType = wrapper.framework; name = AppKit.framework; path = /System/Library/Frameworks/AppKit.framework; sourceTree = "<absolute>"; };
		089C1667FE841158C02AAC07 /* English */ = {isa = PBXFileReference; fileEncoding = 4; lastKnownFileType = text.plist.strings; name = English; path = English.lproj/InfoPlist.strings; sourceTree = "<group>"; };
		1058C7B1FEA5585E11CA2CBB /* Cocoa.framework */ = {isa = PBXFileReference; lastKnownFileType = wrapper.framework; name = Cocoa.framework; path = /System/Library/Frameworks/Cocoa.framework; sourceTree = "<absolute>"; };
		32DBCF5E0370ADEE00C91783 /* SMUGMath_Prefix.pch */ = {isa = PBXFileReference; fileEncoding = 4; lastKnownFileType = sourcecode.c.h; path = SMUGMath_Prefix.pch; sourceTree = "<group>"; };
		8308039F10BAE4AA00996495 /* SMUGRealVector.h */ = {isa = PBXFileReference; fileEncoding = 4; lastKnownFileType = sourcecode.c.h; path = SMUGRealVector.h; sourceTree = "<group>"; };
		830803A010BAE4AA00996495 /* SMUGRealVector.m */ = {isa = PBXFileReference; fileEncoding = 4; lastKnownFileType = sourcecode.c.objc; path = SMUGRealVector.m; sourceTree = "<group>"; };
		830803AD10BAE57700996495 /* NSData_SMUGSwizzling.h */ = {isa = PBXFileReference; fileEncoding = 4; lastKnownFileType = sourcecode.c.h; path = NSData_SMUGSwizzling.h; sourceTree = "<group>"; };
		830803AE10BAE57700996495 /* NSData_SMUGSwizzling.m */ = {isa = PBXFileReference; fileEncoding = 4; lastKnownFileType = sourcecode.c.objc; path = NSData_SMUGSwizzling.m; sourceTree = "<group>"; };
		830803B410BAE58400996495 /* Accelerate.framework */ = {isa = PBXFileReference; lastKnownFileType = wrapper.framework; name = Accelerate.framework; path = /System/Library/Frameworks/Accelerate.framework; sourceTree = "<absolute>"; };
		830803BC10BAE59E00996495 /* SMUGMath.h */ = {isa = PBXFileReference; fileEncoding = 4; lastKnownFileType = sourcecode.c.h; path = SMUGMath.h; sourceTree = "<group>"; };
		830803D510BAE77600996495 /* SMUGMath_UnitTests.octest */ = {isa = PBXFileReference; explicitFileType = wrapper.cfbundle; includeInIndex = 0; path = SMUGMath_UnitTests.octest; sourceTree = BUILT_PRODUCTS_DIR; };
		830803D610BAE77600996495 /* SMUGMath_UnitTests-Info.plist */ = {isa = PBXFileReference; lastKnownFileType = text.plist.xml; path = "SMUGMath_UnitTests-Info.plist"; sourceTree = "<group>"; };
		830803DC10BAE7A500996495 /* VectorTests.h */ = {isa = PBXFileReference; fileEncoding = 4; lastKnownFileType = sourcecode.c.h; path = VectorTests.h; sourceTree = "<group>"; };
		830803DD10BAE7A500996495 /* VectorTests.m */ = {isa = PBXFileReference; fileEncoding = 4; lastKnownFileType = sourcecode.c.objc; path = VectorTests.m; sourceTree = "<group>"; };
		832D740A10BB2FF3000AAAED /* ComplexVectorTests.h */ = {isa = PBXFileReference; fileEncoding = 4; lastKnownFileType = sourcecode.c.h; path = ComplexVectorTests.h; sourceTree = "<group>"; };
		832D740B10BB2FF3000AAAED /* ComplexVectorTests.m */ = {isa = PBXFileReference; fileEncoding = 4; lastKnownFileType = sourcecode.c.objc; path = ComplexVectorTests.m; sourceTree = "<group>"; };
		832D740D10BB3005000AAAED /* SMUGComplexVector.h */ = {isa = PBXFileReference; fileEncoding = 4; lastKnownFileType = sourcecode.c.h; path = SMUGComplexVector.h; sourceTree = "<group>"; };
		832D740E10BB3005000AAAED /* SMUGComplexVector.m */ = {isa = PBXFileReference; fileEncoding = 4; lastKnownFileType = sourcecode.c.objc; path = SMUGComplexVector.m; sourceTree = "<group>"; };
		834752A310D9851600856D12 /* SMUGRealMatrix.m */ = {isa = PBXFileReference; fileEncoding = 4; lastKnownFileType = sourcecode.c.objc; path = SMUGRealMatrix.m; sourceTree = "<group>"; };
		834752A410D9851600856D12 /* SMUGRealMatrix.h */ = {isa = PBXFileReference; fileEncoding = 4; lastKnownFileType = sourcecode.c.h; path = SMUGRealMatrix.h; sourceTree = "<group>"; };
		834752EC10D9866900856D12 /* MatrixTests.h */ = {isa = PBXFileReference; fileEncoding = 4; lastKnownFileType = sourcecode.c.h; path = MatrixTests.h; sourceTree = "<group>"; };
		834752ED10D9866900856D12 /* MatrixTests.m */ = {isa = PBXFileReference; fileEncoding = 4; lastKnownFileType = sourcecode.c.objc; path = MatrixTests.m; sourceTree = "<group>"; };
		8DC2EF5A0486A6940098B216 /* Info.plist */ = {isa = PBXFileReference; fileEncoding = 4; lastKnownFileType = text.plist.xml; path = Info.plist; sourceTree = "<group>"; };
		8DC2EF5B0486A6940098B216 /* SMUGMath.framework */ = {isa = PBXFileReference; explicitFileType = wrapper.framework; includeInIndex = 0; path = SMUGMath.framework; sourceTree = BUILT_PRODUCTS_DIR; };
		D2F7E79907B2D74100F64583 /* CoreData.framework */ = {isa = PBXFileReference; lastKnownFileType = wrapper.framework; name = CoreData.framework; path = /System/Library/Frameworks/CoreData.framework; sourceTree = "<absolute>"; };
/* End PBXFileReference section */

/* Begin PBXFrameworksBuildPhase section */
		830803D210BAE77600996495 /* Frameworks */ = {
			isa = PBXFrameworksBuildPhase;
			buildActionMask = 2147483647;
			files = (
				834752E810D9863A00856D12 /* Accelerate.framework in Frameworks */,
				83BA240C10BB1493004FCC55 /* SMUGMath.framework in Frameworks */,
			);
			runOnlyForDeploymentPostprocessing = 0;
		};
		8DC2EF560486A6940098B216 /* Frameworks */ = {
			isa = PBXFrameworksBuildPhase;
			buildActionMask = 2147483647;
			files = (
				8DC2EF570486A6940098B216 /* Cocoa.framework in Frameworks */,
				830803B510BAE58400996495 /* Accelerate.framework in Frameworks */,
			);
			runOnlyForDeploymentPostprocessing = 0;
		};
/* End PBXFrameworksBuildPhase section */

/* Begin PBXGroup section */
		034768DFFF38A50411DB9C8B /* Products */ = {
			isa = PBXGroup;
			children = (
				8DC2EF5B0486A6940098B216 /* SMUGMath.framework */,
				830803D510BAE77600996495 /* SMUGMath_UnitTests.octest */,
			);
			name = Products;
			sourceTree = "<group>";
		};
		0867D691FE84028FC02AAC07 /* SMUGMath */ = {
			isa = PBXGroup;
			children = (
				830803BC10BAE59E00996495 /* SMUGMath.h */,
				830803DB10BAE79C00996495 /* Unit Tests */,
				08FB77AEFE84172EC02AAC07 /* Classes */,
				32C88DFF0371C24200C91783 /* Other Sources */,
				089C1665FE841158C02AAC07 /* Resources */,
				0867D69AFE84028FC02AAC07 /* External Frameworks and Libraries */,
				034768DFFF38A50411DB9C8B /* Products */,
				830803D610BAE77600996495 /* SMUGMath_UnitTests-Info.plist */,
			);
			name = SMUGMath;
			sourceTree = "<group>";
		};
		0867D69AFE84028FC02AAC07 /* External Frameworks and Libraries */ = {
			isa = PBXGroup;
			children = (
				1058C7B0FEA5585E11CA2CBB /* Linked Frameworks */,
				1058C7B2FEA5585E11CA2CBB /* Other Frameworks */,
				830803B410BAE58400996495 /* Accelerate.framework */,
			);
			name = "External Frameworks and Libraries";
			sourceTree = "<group>";
		};
		089C1665FE841158C02AAC07 /* Resources */ = {
			isa = PBXGroup;
			children = (
				8DC2EF5A0486A6940098B216 /* Info.plist */,
				089C1666FE841158C02AAC07 /* InfoPlist.strings */,
			);
			name = Resources;
			sourceTree = "<group>";
		};
		08FB77AEFE84172EC02AAC07 /* Classes */ = {
			isa = PBXGroup;
			children = (
				834752A310D9851600856D12 /* SMUGRealMatrix.m */,
				834752A410D9851600856D12 /* SMUGRealMatrix.h */,
				830803AD10BAE57700996495 /* NSData_SMUGSwizzling.h */,
				830803AE10BAE57700996495 /* NSData_SMUGSwizzling.m */,
				8308039F10BAE4AA00996495 /* SMUGRealVector.h */,
				830803A010BAE4AA00996495 /* SMUGRealVector.m */,
				832D740D10BB3005000AAAED /* SMUGComplexVector.h */,
				832D740E10BB3005000AAAED /* SMUGComplexVector.m */,
			);
			name = Classes;
			sourceTree = "<group>";
		};
		1058C7B0FEA5585E11CA2CBB /* Linked Frameworks */ = {
			isa = PBXGroup;
			children = (
				1058C7B1FEA5585E11CA2CBB /* Cocoa.framework */,
			);
			name = "Linked Frameworks";
			sourceTree = "<group>";
		};
		1058C7B2FEA5585E11CA2CBB /* Other Frameworks */ = {
			isa = PBXGroup;
			children = (
				0867D6A5FE840307C02AAC07 /* AppKit.framework */,
				D2F7E79907B2D74100F64583 /* CoreData.framework */,
				0867D69BFE84028FC02AAC07 /* Foundation.framework */,
			);
			name = "Other Frameworks";
			sourceTree = "<group>";
		};
		32C88DFF0371C24200C91783 /* Other Sources */ = {
			isa = PBXGroup;
			children = (
				32DBCF5E0370ADEE00C91783 /* SMUGMath_Prefix.pch */,
			);
			name = "Other Sources";
			sourceTree = "<group>";
		};
		830803DB10BAE79C00996495 /* Unit Tests */ = {
			isa = PBXGroup;
			children = (
				832D740A10BB2FF3000AAAED /* ComplexVectorTests.h */,
				832D740B10BB2FF3000AAAED /* ComplexVectorTests.m */,
				830803DC10BAE7A500996495 /* VectorTests.h */,
				830803DD10BAE7A500996495 /* VectorTests.m */,
				834752EC10D9866900856D12 /* MatrixTests.h */,
				834752ED10D9866900856D12 /* MatrixTests.m */,
			);
			name = "Unit Tests";
			sourceTree = "<group>";
		};
/* End PBXGroup section */

/* Begin PBXHeadersBuildPhase section */
		8DC2EF500486A6940098B216 /* Headers */ = {
			isa = PBXHeadersBuildPhase;
			buildActionMask = 2147483647;
			files = (
				834752AF10D985A100856D12 /* SMUGRealMatrix.h in Headers */,
				830803A110BAE4AA00996495 /* SMUGRealVector.h in Headers */,
				830803AF10BAE57700996495 /* NSData_SMUGSwizzling.h in Headers */,
				830803BD10BAE59E00996495 /* SMUGMath.h in Headers */,
				832D740F10BB3005000AAAED /* SMUGComplexVector.h in Headers */,
			);
			runOnlyForDeploymentPostprocessing = 0;
		};
/* End PBXHeadersBuildPhase section */

/* Begin PBXNativeTarget section */
		830803D410BAE77600996495 /* SMUGMath_UnitTests */ = {
			isa = PBXNativeTarget;
			buildConfigurationList = 830803D910BAE77700996495 /* Build configuration list for PBXNativeTarget "SMUGMath_UnitTests" */;
			buildPhases = (
				830803D010BAE77600996495 /* Resources */,
				830803D110BAE77600996495 /* Sources */,
				830803D210BAE77600996495 /* Frameworks */,
				830803D310BAE77600996495 /* ShellScript */,
			);
			buildRules = (
			);
			dependencies = (
				83BA240B10BB1490004FCC55 /* PBXTargetDependency */,
			);
			name = SMUGMath_UnitTests;
			productName = SMUGMath_UnitTests;
			productReference = 830803D510BAE77600996495 /* SMUGMath_UnitTests.octest */;
			productType = "com.apple.product-type.bundle";
		};
		8DC2EF4F0486A6940098B216 /* SMUGMath */ = {
			isa = PBXNativeTarget;
			buildConfigurationList = 1DEB91AD08733DA50010E9CD /* Build configuration list for PBXNativeTarget "SMUGMath" */;
			buildPhases = (
				8DC2EF500486A6940098B216 /* Headers */,
				8DC2EF520486A6940098B216 /* Resources */,
				8DC2EF540486A6940098B216 /* Sources */,
				8DC2EF560486A6940098B216 /* Frameworks */,
			);
			buildRules = (
			);
			dependencies = (
			);
			name = SMUGMath;
			productInstallPath = "$(HOME)/Library/Frameworks";
			productName = SMUGMath;
			productReference = 8DC2EF5B0486A6940098B216 /* SMUGMath.framework */;
			productType = "com.apple.product-type.framework";
		};
/* End PBXNativeTarget section */

/* Begin PBXProject section */
		0867D690FE84028FC02AAC07 /* Project object */ = {
			isa = PBXProject;
			buildConfigurationList = 1DEB91B108733DA50010E9CD /* Build configuration list for PBXProject "SMUGMath" */;
			compatibilityVersion = "Xcode 3.1";
			hasScannedForEncodings = 1;
			mainGroup = 0867D691FE84028FC02AAC07 /* SMUGMath */;
			productRefGroup = 034768DFFF38A50411DB9C8B /* Products */;
			projectDirPath = "";
			projectRoot = "";
			targets = (
				8DC2EF4F0486A6940098B216 /* SMUGMath */,
				830803D410BAE77600996495 /* SMUGMath_UnitTests */,
			);
		};
/* End PBXProject section */

/* Begin PBXResourcesBuildPhase section */
		830803D010BAE77600996495 /* Resources */ = {
			isa = PBXResourcesBuildPhase;
			buildActionMask = 2147483647;
			files = (
			);
			runOnlyForDeploymentPostprocessing = 0;
		};
		8DC2EF520486A6940098B216 /* Resources */ = {
			isa = PBXResourcesBuildPhase;
			buildActionMask = 2147483647;
			files = (
				8DC2EF530486A6940098B216 /* InfoPlist.strings in Resources */,
			);
			runOnlyForDeploymentPostprocessing = 0;
		};
/* End PBXResourcesBuildPhase section */

/* Begin PBXShellScriptBuildPhase section */
		830803D310BAE77600996495 /* ShellScript */ = {
			isa = PBXShellScriptBuildPhase;
			buildActionMask = 2147483647;
			files = (
			);
			inputPaths = (
			);
			outputPaths = (
			);
			runOnlyForDeploymentPostprocessing = 0;
			shellPath = /bin/sh;
			shellScript = "# Run the unit tests in this test bundle.\n\"${SYSTEM_DEVELOPER_DIR}/Tools/RunUnitTests\"\n";
		};
/* End PBXShellScriptBuildPhase section */

/* Begin PBXSourcesBuildPhase section */
		830803D110BAE77600996495 /* Sources */ = {
			isa = PBXSourcesBuildPhase;
			buildActionMask = 2147483647;
			files = (
				830803E310BAE7C600996495 /* VectorTests.m in Sources */,
				832D740C10BB2FF3000AAAED /* ComplexVectorTests.m in Sources */,
				834752A510D9851600856D12 /* SMUGRealMatrix.m in Sources */,
				834752EE10D9866900856D12 /* MatrixTests.m in Sources */,
			);
			runOnlyForDeploymentPostprocessing = 0;
		};
		8DC2EF540486A6940098B216 /* Sources */ = {
			isa = PBXSourcesBuildPhase;
			buildActionMask = 2147483647;
			files = (
				830803A210BAE4AA00996495 /* SMUGRealVector.m in Sources */,
				830803B010BAE57700996495 /* NSData_SMUGSwizzling.m in Sources */,
				832D741010BB3005000AAAED /* SMUGComplexVector.m in Sources */,
			);
			runOnlyForDeploymentPostprocessing = 0;
		};
/* End PBXSourcesBuildPhase section */

/* Begin PBXTargetDependency section */
		83BA240B10BB1490004FCC55 /* PBXTargetDependency */ = {
			isa = PBXTargetDependency;
			target = 8DC2EF4F0486A6940098B216 /* SMUGMath */;
			targetProxy = 83BA240A10BB1490004FCC55 /* PBXContainerItemProxy */;
		};
/* End PBXTargetDependency section */

/* Begin PBXVariantGroup section */
		089C1666FE841158C02AAC07 /* InfoPlist.strings */ = {
			isa = PBXVariantGroup;
			children = (
				089C1667FE841158C02AAC07 /* English */,
			);
			name = InfoPlist.strings;
			sourceTree = "<group>";
		};
/* End PBXVariantGroup section */

/* Begin XCBuildConfiguration section */
		1DEB91AE08733DA50010E9CD /* Debug */ = {
			isa = XCBuildConfiguration;
			buildSettings = {
				ALWAYS_SEARCH_USER_PATHS = NO;
				COPY_PHASE_STRIP = NO;
				DYLIB_COMPATIBILITY_VERSION = 1;
				DYLIB_CURRENT_VERSION = 1;
				FRAMEWORK_VERSION = A;
				GCC_DYNAMIC_NO_PIC = NO;
				GCC_ENABLE_FIX_AND_CONTINUE = YES;
				GCC_MODEL_TUNING = G5;
				GCC_OPTIMIZATION_LEVEL = 0;
				GCC_PRECOMPILE_PREFIX_HEADER = YES;
				GCC_PREFIX_HEADER = SMUGMath_Prefix.pch;
				INFOPLIST_FILE = Info.plist;
				INSTALL_PATH = "@rpath";
				PRODUCT_NAME = SMUGMath;
				WRAPPER_EXTENSION = framework;
			};
			name = Debug;
		};
		1DEB91AF08733DA50010E9CD /* Release */ = {
			isa = XCBuildConfiguration;
			buildSettings = {
				ALWAYS_SEARCH_USER_PATHS = NO;
				DEBUG_INFORMATION_FORMAT = "dwarf-with-dsym";
				DYLIB_COMPATIBILITY_VERSION = 1;
				DYLIB_CURRENT_VERSION = 1;
				FRAMEWORK_VERSION = A;
				GCC_MODEL_TUNING = G5;
				GCC_PRECOMPILE_PREFIX_HEADER = YES;
				GCC_PREFIX_HEADER = SMUGMath_Prefix.pch;
				INFOPLIST_FILE = Info.plist;
				INSTALL_PATH = "@rpath";
				PRODUCT_NAME = SMUGMath;
				WRAPPER_EXTENSION = framework;
			};
			name = Release;
		};
		1DEB91B208733DA50010E9CD /* Debug */ = {
			isa = XCBuildConfiguration;
			buildSettings = {
				ARCHS = "$(ARCHS_STANDARD_32_64_BIT)";
				GCC_C_LANGUAGE_STANDARD = gnu99;
				GCC_OPTIMIZATION_LEVEL = 0;
				GCC_WARN_ABOUT_RETURN_TYPE = YES;
				GCC_WARN_UNUSED_VARIABLE = YES;
				ONLY_ACTIVE_ARCH = YES;
				PREBINDING = NO;
				SDKROOT = macosx10.5;
			};
			name = Debug;
		};
		1DEB91B308733DA50010E9CD /* Release */ = {
			isa = XCBuildConfiguration;
			buildSettings = {
				ARCHS = "$(ARCHS_STANDARD_32_64_BIT)";
				GCC_C_LANGUAGE_STANDARD = gnu99;
				GCC_WARN_ABOUT_RETURN_TYPE = YES;
				GCC_WARN_UNUSED_VARIABLE = YES;
				PREBINDING = NO;
				SDKROOT = macosx10.5;
			};
			name = Release;
		};
		830803D710BAE77700996495 /* Debug */ = {
			isa = XCBuildConfiguration;
			buildSettings = {
				ALWAYS_SEARCH_USER_PATHS = NO;
				COPY_PHASE_STRIP = NO;
				FRAMEWORK_SEARCH_PATHS = "$(DEVELOPER_LIBRARY_DIR)/Frameworks";
				GCC_DYNAMIC_NO_PIC = NO;
				GCC_ENABLE_FIX_AND_CONTINUE = NO;
				GCC_ENABLE_OBJC_EXCEPTIONS = YES;
				GCC_MODEL_TUNING = G5;
				GCC_OPTIMIZATION_LEVEL = 0;
				GCC_PRECOMPILE_PREFIX_HEADER = YES;
				GCC_PREFIX_HEADER = "$(SYSTEM_LIBRARY_DIR)/Frameworks/Cocoa.framework/Headers/Cocoa.h";
				INFOPLIST_FILE = "SMUGMath_UnitTests-Info.plist";
				INSTALL_PATH = "$(USER_LIBRARY_DIR)/Bundles";
				OTHER_LDFLAGS = (
					"-framework",
					Cocoa,
					"-framework",
					SenTestingKit,
				);
				PREBINDING = NO;
				PRODUCT_NAME = SMUGMath_UnitTests;
				WRAPPER_EXTENSION = octest;
			};
			name = Debug;
		};
		830803D810BAE77700996495 /* Release */ = {
			isa = XCBuildConfiguration;
			buildSettings = {
				ALWAYS_SEARCH_USER_PATHS = NO;
				COPY_PHASE_STRIP = YES;
				DEBUG_INFORMATION_FORMAT = "dwarf-with-dsym";
				FRAMEWORK_SEARCH_PATHS = "$(DEVELOPER_LIBRARY_DIR)/Frameworks";
				GCC_ENABLE_FIX_AND_CONTINUE = NO;
				GCC_ENABLE_OBJC_EXCEPTIONS = YES;
				GCC_MODEL_TUNING = G5;
				GCC_PRECOMPILE_PREFIX_HEADER = YES;
				GCC_PREFIX_HEADER = "$(SYSTEM_LIBRARY_DIR)/Frameworks/Cocoa.framework/Headers/Cocoa.h";
				INFOPLIST_FILE = "SMUGMath_UnitTests-Info.plist";
				INSTALL_PATH = "$(USER_LIBRARY_DIR)/Bundles";
				OTHER_LDFLAGS = (
					"-framework",
					Cocoa,
					"-framework",
					SenTestingKit,
				);
				PREBINDING = NO;
				PRODUCT_NAME = SMUGMath_UnitTests;
				WRAPPER_EXTENSION = octest;
				ZERO_LINK = NO;
			};
			name = Release;
		};
/* End XCBuildConfiguration section */

/* Begin XCConfigurationList section */
		1DEB91AD08733DA50010E9CD /* Build configuration list for PBXNativeTarget "SMUGMath" */ = {
			isa = XCConfigurationList;
			buildConfigurations = (
				1DEB91AE08733DA50010E9CD /* Debug */,
				1DEB91AF08733DA50010E9CD /* Release */,
			);
			defaultConfigurationIsVisible = 0;
			defaultConfigurationName = Release;
		};
		1DEB91B108733DA50010E9CD /* Build configuration list for PBXProject "SMUGMath" */ = {
			isa = XCConfigurationList;
			buildConfigurations = (
				1DEB91B208733DA50010E9CD /* Debug */,
				1DEB91B308733DA50010E9CD /* Release */,
			);
			defaultConfigurationIsVisible = 0;
			defaultConfigurationName = Release;
		};
		830803D910BAE77700996495 /* Build configuration list for PBXNativeTarget "SMUGMath_UnitTests" */ = {
			isa = XCConfigurationList;
			buildConfigurations = (
				830803D710BAE77700996495 /* Debug */,
				830803D810BAE77700996495 /* Release */,
			);
			defaultConfigurationIsVisible = 0;
			defaultConfigurationName = Release;
		};
/* End XCConfigurationList section */
	};
	rootObject = 0867D690FE84028FC02AAC07 /* Project object */;
}
